
Microsoft Visual Studio Solution File, Format Version 12.00
# Visual Studio 15
Project("{FAE04EC0-301F-11D3-BF4B-00C04F79EFBC}") = "Class_Basics", "Class_Basics\Class_Basics.csproj", "{A934D826-1993-4B67-8447-422345EF5E32}"
EndProject
Global
	GlobalSection(SolutionConfigurationPlatforms) = preSolution
		Debug|anycpu = Debug|anycpu
		Release|anycpu = Release|anycpu
	EndGlobalSection
	GlobalSection(ProjectConfigurationPlatforms) = postSolution
		{A934D826-1993-4B67-8447-422345EF5E32}.Debug|anycpu.ActiveCfg = Debug|anycpu
		{A934D826-1993-4B67-8447-422345EF5E32}.Debug|anycpu.Build.0 = Debug|anycpu
		{A934D826-1993-4B67-8447-422345EF5E32}.Release|anycpu.ActiveCfg = Release|anycpu
		{A934D826-1993-4B67-8447-422345EF5E32}.Release|anycpu.Build.0 = Release|anycpu
	EndGlobalSection
EndGlobal
